
Microsoft Visual Studio Solution File, Format Version 11.00
# Visual Studio 2010
Project("{2150E333-8FDC-42A3-9474-1A3956D46DE8}") = "Solution Items", "Solution Items", "{6F981F9D-1E8A-4342-B1A5-CE121FA6969B}"
	ProjectSection(SolutionItems) = preProject
		GenForm2.vsmdi = GenForm2.vsmdi
		LocalTestRun.testrunconfig = LocalTestRun.testrunconfig
	EndProjectSection
EndProject
Project("{FAE04EC0-301F-11D3-BF4B-00C04F79EFBC}") = "Informedica.GenForm.Library", "Informedica.GenForm.Library\Informedica.GenForm.Library.csproj", "{584C03D3-A148-4125-B9DB-32B8B144E101}"
EndProject
Project("{FAE04EC0-301F-11D3-BF4B-00C04F79EFBC}") = "Informedica.GenForm.Database", "Informedica.GenForm.Database\Informedica.GenForm.Database.csproj", "{46C54F92-FF84-4F84-A6E0-CD141EAFBE60}"
EndProject
Project("{FAE04EC0-301F-11D3-BF4B-00C04F79EFBC}") = "Informedica.GenForm.Presentation", "Informedica.GenForm.Presentation\Informedica.GenForm.Presentation.csproj", "{63800128-7BE0-4B57-A789-27CB9E5EED3B}"
EndProject
Project("{FAE04EC0-301F-11D3-BF4B-00C04F79EFBC}") = "Informedica.GenForm.Presentation.Tests", "Informedica.GenForm.Presentation.Tests\Informedica.GenForm.Presentation.Tests.csproj", "{C74AA5B9-0FC7-4933-8069-E6960DC323FA}"
EndProject
Project("{FAE04EC0-301F-11D3-BF4B-00C04F79EFBC}") = "Informedica.GenForm.Mvc2", "Informedica.GenForm.Mvc2\Informedica.GenForm.Mvc2.csproj", "{D5D0ACA6-5C07-4E08-A731-142D644DD0D1}"
EndProject
Project("{FAE04EC0-301F-11D3-BF4B-00C04F79EFBC}") = "Informedica.GenForm.ServiceProviders", "Informedica.GenForm.Services\Informedica.GenForm.ServiceProviders.csproj", "{82D196C1-B130-4188-A363-458311D8BD89}"
EndProject
Project("{FAE04EC0-301F-11D3-BF4B-00C04F79EFBC}") = "Informedica.GenForm.ServiceProviders.Tests", "Informedica.GenForm.Services.Tests\Informedica.GenForm.ServiceProviders.Tests.csproj", "{63B1E010-0365-452C-87F5-4318155BA6AA}"
EndProject
Project("{FAE04EC0-301F-11D3-BF4B-00C04F79EFBC}") = "Informedica.GenForm.Tests", "Informedica.GenForm.Tests\Informedica.GenForm.Tests.csproj", "{819BA760-6C94-4203-8DB0-7F0AAA4B2159}"
EndProject
Project("{FAE04EC0-301F-11D3-BF4B-00C04F79EFBC}") = "Informedica.GenForm.Mvc3.Tests", "Informedica.GenForm.Mvc2.Tests\Informedica.GenForm.Mvc3.Tests.csproj", "{7A87B746-06AA-4DBF-918D-1371C27AF744}"
EndProject
Project("{FAE04EC0-301F-11D3-BF4B-00C04F79EFBC}") = "Informedica.GenForm.Library.Tests", "Informedica.GenForm.Library.Tests\Informedica.GenForm.Library.Tests.csproj", "{4B54E8E1-2205-4C86-81B8-70B3695CEA7E}"
EndProject
Project("{FAE04EC0-301F-11D3-BF4B-00C04F79EFBC}") = "Informedica.GenForm.DataAccess", "Informedica.GenForm.DataAccess\Informedica.GenForm.DataAccess.csproj", "{9EC2E9E4-CEEF-4A78-A8DE-EB12F8C6DAE1}"
EndProject
Project("{FAE04EC0-301F-11D3-BF4B-00C04F79EFBC}") = "Informedica.GenForm.Assembler", "Informedica.GenForm.Assembler\Informedica.GenForm.Assembler.csproj", "{DB3FE453-4FEA-43EC-BAC7-B0679A432BE2}"
EndProject
Project("{FAE04EC0-301F-11D3-BF4B-00C04F79EFBC}") = "Informedica.GenForm.DataAccess.Tests", "Informedica.GenForm.DataAccess.Tests\Informedica.GenForm.DataAccess.Tests.csproj", "{4C4FA9E2-8D8F-4460-AF77-80B7D837AD8C}"
EndProject
Project("{FAE04EC0-301F-11D3-BF4B-00C04F79EFBC}") = "Informedica.GenForm.Mvc3", "Informedica.GenForm.Mvc3\Informedica.GenForm.Mvc3.csproj", "{76148642-857A-4186-8A7B-C4AFC05E0152}"
EndProject
Project("{FAE04EC0-301F-11D3-BF4B-00C04F79EFBC}") = "Informedica.GenForm.IoC", "Informedica.GenForm.IoC\Informedica.GenForm.IoC.csproj", "{23C6439B-83BC-41DB-B97E-F698DB52CEF5}"
EndProject
Project("{FAE04EC0-301F-11D3-BF4B-00C04F79EFBC}") = "Informedica.GenForm.Assembler.Tests", "Informedica.GenForm.Assembler.Tests\Informedica.GenForm.Assembler.Tests.csproj", "{7579F04C-9F75-4770-8114-A6EC6A7E1462}"
EndProject
Project("{FAE04EC0-301F-11D3-BF4B-00C04F79EFBC}") = "Informedica.Utilities", "Informedica.Utilities\Informedica.Utilities.csproj", "{A1C3A418-F89E-41A3-9D32-E05C7E38577F}"
EndProject
Global
	GlobalSection(TestCaseManagementSettings) = postSolution
		CategoryFile = GenForm2.vsmdi
	EndGlobalSection
	GlobalSection(SolutionConfigurationPlatforms) = preSolution
		Debug|Any CPU = Debug|Any CPU
		Debug|Mixed Platforms = Debug|Mixed Platforms
		Debug|x86 = Debug|x86
		Release|Any CPU = Release|Any CPU
		Release|Mixed Platforms = Release|Mixed Platforms
		Release|x86 = Release|x86
	EndGlobalSection
	GlobalSection(ProjectConfigurationPlatforms) = postSolution
		{584C03D3-A148-4125-B9DB-32B8B144E101}.Debug|Any CPU.ActiveCfg = Debug|Any CPU
		{584C03D3-A148-4125-B9DB-32B8B144E101}.Debug|Any CPU.Build.0 = Debug|Any CPU
		{584C03D3-A148-4125-B9DB-32B8B144E101}.Debug|Mixed Platforms.ActiveCfg = Debug|Any CPU
		{584C03D3-A148-4125-B9DB-32B8B144E101}.Debug|Mixed Platforms.Build.0 = Debug|Any CPU
		{584C03D3-A148-4125-B9DB-32B8B144E101}.Debug|x86.ActiveCfg = Debug|Any CPU
		{584C03D3-A148-4125-B9DB-32B8B144E101}.Release|Any CPU.ActiveCfg = Release|Any CPU
		{584C03D3-A148-4125-B9DB-32B8B144E101}.Release|Any CPU.Build.0 = Release|Any CPU
		{584C03D3-A148-4125-B9DB-32B8B144E101}.Release|Mixed Platforms.ActiveCfg = Release|Any CPU
		{584C03D3-A148-4125-B9DB-32B8B144E101}.Release|Mixed Platforms.Build.0 = Release|Any CPU
		{584C03D3-A148-4125-B9DB-32B8B144E101}.Release|x86.ActiveCfg = Release|Any CPU
		{46C54F92-FF84-4F84-A6E0-CD141EAFBE60}.Debug|Any CPU.ActiveCfg = Debug|Any CPU
		{46C54F92-FF84-4F84-A6E0-CD141EAFBE60}.Debug|Any CPU.Build.0 = Debug|Any CPU
		{46C54F92-FF84-4F84-A6E0-CD141EAFBE60}.Debug|Mixed Platforms.ActiveCfg = Debug|Any CPU
		{46C54F92-FF84-4F84-A6E0-CD141EAFBE60}.Debug|Mixed Platforms.Build.0 = Debug|Any CPU
		{46C54F92-FF84-4F84-A6E0-CD141EAFBE60}.Debug|x86.ActiveCfg = Debug|Any CPU
		{46C54F92-FF84-4F84-A6E0-CD141EAFBE60}.Release|Any CPU.ActiveCfg = Release|Any CPU
		{46C54F92-FF84-4F84-A6E0-CD141EAFBE60}.Release|Any CPU.Build.0 = Release|Any CPU
		{46C54F92-FF84-4F84-A6E0-CD141EAFBE60}.Release|Mixed Platforms.ActiveCfg = Release|Any CPU
		{46C54F92-FF84-4F84-A6E0-CD141EAFBE60}.Release|Mixed Platforms.Build.0 = Release|Any CPU
		{46C54F92-FF84-4F84-A6E0-CD141EAFBE60}.Release|x86.ActiveCfg = Release|Any CPU
		{63800128-7BE0-4B57-A789-27CB9E5EED3B}.Debug|Any CPU.ActiveCfg = Debug|Any CPU
		{63800128-7BE0-4B57-A789-27CB9E5EED3B}.Debug|Any CPU.Build.0 = Debug|Any CPU
		{63800128-7BE0-4B57-A789-27CB9E5EED3B}.Debug|Mixed Platforms.ActiveCfg = Debug|Any CPU
		{63800128-7BE0-4B57-A789-27CB9E5EED3B}.Debug|Mixed Platforms.Build.0 = Debug|Any CPU
		{63800128-7BE0-4B57-A789-27CB9E5EED3B}.Debug|x86.ActiveCfg = Debug|Any CPU
		{63800128-7BE0-4B57-A789-27CB9E5EED3B}.Release|Any CPU.ActiveCfg = Release|Any CPU
		{63800128-7BE0-4B57-A789-27CB9E5EED3B}.Release|Any CPU.Build.0 = Release|Any CPU
		{63800128-7BE0-4B57-A789-27CB9E5EED3B}.Release|Mixed Platforms.ActiveCfg = Release|Any CPU
		{63800128-7BE0-4B57-A789-27CB9E5EED3B}.Release|Mixed Platforms.Build.0 = Release|Any CPU
		{63800128-7BE0-4B57-A789-27CB9E5EED3B}.Release|x86.ActiveCfg = Release|Any CPU
		{C74AA5B9-0FC7-4933-8069-E6960DC323FA}.Debug|Any CPU.ActiveCfg = Debug|Any CPU
		{C74AA5B9-0FC7-4933-8069-E6960DC323FA}.Debug|Any CPU.Build.0 = Debug|Any CPU
		{C74AA5B9-0FC7-4933-8069-E6960DC323FA}.Debug|Mixed Platforms.ActiveCfg = Debug|Any CPU
		{C74AA5B9-0FC7-4933-8069-E6960DC323FA}.Debug|Mixed Platforms.Build.0 = Debug|Any CPU
		{C74AA5B9-0FC7-4933-8069-E6960DC323FA}.Debug|x86.ActiveCfg = Debug|Any CPU
		{C74AA5B9-0FC7-4933-8069-E6960DC323FA}.Release|Any CPU.ActiveCfg = Release|Any CPU
		{C74AA5B9-0FC7-4933-8069-E6960DC323FA}.Release|Any CPU.Build.0 = Release|Any CPU
		{C74AA5B9-0FC7-4933-8069-E6960DC323FA}.Release|Mixed Platforms.ActiveCfg = Release|Any CPU
		{C74AA5B9-0FC7-4933-8069-E6960DC323FA}.Release|Mixed Platforms.Build.0 = Release|Any CPU
		{C74AA5B9-0FC7-4933-8069-E6960DC323FA}.Release|x86.ActiveCfg = Release|Any CPU
		{D5D0ACA6-5C07-4E08-A731-142D644DD0D1}.Debug|Any CPU.ActiveCfg = Debug|Any CPU
		{D5D0ACA6-5C07-4E08-A731-142D644DD0D1}.Debug|Any CPU.Build.0 = Debug|Any CPU
		{D5D0ACA6-5C07-4E08-A731-142D644DD0D1}.Debug|Mixed Platforms.ActiveCfg = Debug|Any CPU
		{D5D0ACA6-5C07-4E08-A731-142D644DD0D1}.Debug|Mixed Platforms.Build.0 = Debug|Any CPU
		{D5D0ACA6-5C07-4E08-A731-142D644DD0D1}.Debug|x86.ActiveCfg = Debug|Any CPU
		{D5D0ACA6-5C07-4E08-A731-142D644DD0D1}.Release|Any CPU.ActiveCfg = Release|Any CPU
		{D5D0ACA6-5C07-4E08-A731-142D644DD0D1}.Release|Any CPU.Build.0 = Release|Any CPU
		{D5D0ACA6-5C07-4E08-A731-142D644DD0D1}.Release|Mixed Platforms.ActiveCfg = Release|Any CPU
		{D5D0ACA6-5C07-4E08-A731-142D644DD0D1}.Release|Mixed Platforms.Build.0 = Release|Any CPU
		{D5D0ACA6-5C07-4E08-A731-142D644DD0D1}.Release|x86.ActiveCfg = Release|Any CPU
		{82D196C1-B130-4188-A363-458311D8BD89}.Debug|Any CPU.ActiveCfg = Debug|Any CPU
		{82D196C1-B130-4188-A363-458311D8BD89}.Debug|Any CPU.Build.0 = Debug|Any CPU
		{82D196C1-B130-4188-A363-458311D8BD89}.Debug|Mixed Platforms.ActiveCfg = Debug|Any CPU
		{82D196C1-B130-4188-A363-458311D8BD89}.Debug|Mixed Platforms.Build.0 = Debug|Any CPU
		{82D196C1-B130-4188-A363-458311D8BD89}.Debug|x86.ActiveCfg = Debug|Any CPU
		{82D196C1-B130-4188-A363-458311D8BD89}.Release|Any CPU.ActiveCfg = Release|Any CPU
		{82D196C1-B130-4188-A363-458311D8BD89}.Release|Any CPU.Build.0 = Release|Any CPU
		{82D196C1-B130-4188-A363-458311D8BD89}.Release|Mixed Platforms.ActiveCfg = Release|Any CPU
		{82D196C1-B130-4188-A363-458311D8BD89}.Release|Mixed Platforms.Build.0 = Release|Any CPU
		{82D196C1-B130-4188-A363-458311D8BD89}.Release|x86.ActiveCfg = Release|Any CPU
		{63B1E010-0365-452C-87F5-4318155BA6AA}.Debug|Any CPU.ActiveCfg = Debug|Any CPU
		{63B1E010-0365-452C-87F5-4318155BA6AA}.Debug|Any CPU.Build.0 = Debug|Any CPU
		{63B1E010-0365-452C-87F5-4318155BA6AA}.Debug|Mixed Platforms.ActiveCfg = Debug|Any CPU
		{63B1E010-0365-452C-87F5-4318155BA6AA}.Debug|Mixed Platforms.Build.0 = Debug|Any CPU
		{63B1E010-0365-452C-87F5-4318155BA6AA}.Debug|x86.ActiveCfg = Debug|Any CPU
		{63B1E010-0365-452C-87F5-4318155BA6AA}.Release|Any CPU.ActiveCfg = Release|Any CPU
		{63B1E010-0365-452C-87F5-4318155BA6AA}.Release|Any CPU.Build.0 = Release|Any CPU
		{63B1E010-0365-452C-87F5-4318155BA6AA}.Release|Mixed Platforms.ActiveCfg = Release|Any CPU
		{63B1E010-0365-452C-87F5-4318155BA6AA}.Release|Mixed Platforms.Build.0 = Release|Any CPU
		{63B1E010-0365-452C-87F5-4318155BA6AA}.Release|x86.ActiveCfg = Release|Any CPU
		{819BA760-6C94-4203-8DB0-7F0AAA4B2159}.Debug|Any CPU.ActiveCfg = Debug|Any CPU
		{819BA760-6C94-4203-8DB0-7F0AAA4B2159}.Debug|Any CPU.Build.0 = Debug|Any CPU
		{819BA760-6C94-4203-8DB0-7F0AAA4B2159}.Debug|Mixed Platforms.ActiveCfg = Debug|Any CPU
		{819BA760-6C94-4203-8DB0-7F0AAA4B2159}.Debug|Mixed Platforms.Build.0 = Debug|Any CPU
		{819BA760-6C94-4203-8DB0-7F0AAA4B2159}.Debug|x86.ActiveCfg = Debug|Any CPU
		{819BA760-6C94-4203-8DB0-7F0AAA4B2159}.Release|Any CPU.ActiveCfg = Release|Any CPU
		{819BA760-6C94-4203-8DB0-7F0AAA4B2159}.Release|Any CPU.Build.0 = Release|Any CPU
		{819BA760-6C94-4203-8DB0-7F0AAA4B2159}.Release|Mixed Platforms.ActiveCfg = Release|Any CPU
		{819BA760-6C94-4203-8DB0-7F0AAA4B2159}.Release|Mixed Platforms.Build.0 = Release|Any CPU
		{819BA760-6C94-4203-8DB0-7F0AAA4B2159}.Release|x86.ActiveCfg = Release|Any CPU
		{7A87B746-06AA-4DBF-918D-1371C27AF744}.Debug|Any CPU.ActiveCfg = Debug|Any CPU
		{7A87B746-06AA-4DBF-918D-1371C27AF744}.Debug|Any CPU.Build.0 = Debug|Any CPU
		{7A87B746-06AA-4DBF-918D-1371C27AF744}.Debug|Mixed Platforms.ActiveCfg = Debug|Any CPU
		{7A87B746-06AA-4DBF-918D-1371C27AF744}.Debug|Mixed Platforms.Build.0 = Debug|Any CPU
		{7A87B746-06AA-4DBF-918D-1371C27AF744}.Debug|x86.ActiveCfg = Debug|Any CPU
		{7A87B746-06AA-4DBF-918D-1371C27AF744}.Release|Any CPU.ActiveCfg = Release|Any CPU
		{7A87B746-06AA-4DBF-918D-1371C27AF744}.Release|Any CPU.Build.0 = Release|Any CPU
		{7A87B746-06AA-4DBF-918D-1371C27AF744}.Release|Mixed Platforms.ActiveCfg = Release|Any CPU
		{7A87B746-06AA-4DBF-918D-1371C27AF744}.Release|Mixed Platforms.Build.0 = Release|Any CPU
		{7A87B746-06AA-4DBF-918D-1371C27AF744}.Release|x86.ActiveCfg = Release|Any CPU
		{4B54E8E1-2205-4C86-81B8-70B3695CEA7E}.Debug|Any CPU.ActiveCfg = Debug|Any CPU
		{4B54E8E1-2205-4C86-81B8-70B3695CEA7E}.Debug|Any CPU.Build.0 = Debug|Any CPU
		{4B54E8E1-2205-4C86-81B8-70B3695CEA7E}.Debug|Mixed Platforms.ActiveCfg = Debug|Any CPU
		{4B54E8E1-2205-4C86-81B8-70B3695CEA7E}.Debug|Mixed Platforms.Build.0 = Debug|Any CPU
		{4B54E8E1-2205-4C86-81B8-70B3695CEA7E}.Debug|x86.ActiveCfg = Debug|Any CPU
		{4B54E8E1-2205-4C86-81B8-70B3695CEA7E}.Release|Any CPU.ActiveCfg = Release|Any CPU
		{4B54E8E1-2205-4C86-81B8-70B3695CEA7E}.Release|Any CPU.Build.0 = Release|Any CPU
		{4B54E8E1-2205-4C86-81B8-70B3695CEA7E}.Release|Mixed Platforms.ActiveCfg = Release|Any CPU
		{4B54E8E1-2205-4C86-81B8-70B3695CEA7E}.Release|Mixed Platforms.Build.0 = Release|Any CPU
		{4B54E8E1-2205-4C86-81B8-70B3695CEA7E}.Release|x86.ActiveCfg = Release|Any CPU
		{9EC2E9E4-CEEF-4A78-A8DE-EB12F8C6DAE1}.Debug|Any CPU.ActiveCfg = Debug|Any CPU
		{9EC2E9E4-CEEF-4A78-A8DE-EB12F8C6DAE1}.Debug|Any CPU.Build.0 = Debug|Any CPU
		{9EC2E9E4-CEEF-4A78-A8DE-EB12F8C6DAE1}.Debug|Mixed Platforms.ActiveCfg = Debug|Any CPU
		{9EC2E9E4-CEEF-4A78-A8DE-EB12F8C6DAE1}.Debug|Mixed Platforms.Build.0 = Debug|Any CPU
		{9EC2E9E4-CEEF-4A78-A8DE-EB12F8C6DAE1}.Debug|x86.ActiveCfg = Debug|Any CPU
		{9EC2E9E4-CEEF-4A78-A8DE-EB12F8C6DAE1}.Release|Any CPU.ActiveCfg = Release|Any CPU
		{9EC2E9E4-CEEF-4A78-A8DE-EB12F8C6DAE1}.Release|Any CPU.Build.0 = Release|Any CPU
		{9EC2E9E4-CEEF-4A78-A8DE-EB12F8C6DAE1}.Release|Mixed Platforms.ActiveCfg = Release|Any CPU
		{9EC2E9E4-CEEF-4A78-A8DE-EB12F8C6DAE1}.Release|Mixed Platforms.Build.0 = Release|Any CPU
		{9EC2E9E4-CEEF-4A78-A8DE-EB12F8C6DAE1}.Release|x86.ActiveCfg = Release|Any CPU
		{DB3FE453-4FEA-43EC-BAC7-B0679A432BE2}.Debug|Any CPU.ActiveCfg = Debug|Any CPU
		{DB3FE453-4FEA-43EC-BAC7-B0679A432BE2}.Debug|Any CPU.Build.0 = Debug|Any CPU
		{DB3FE453-4FEA-43EC-BAC7-B0679A432BE2}.Debug|Mixed Platforms.ActiveCfg = Debug|Any CPU
		{DB3FE453-4FEA-43EC-BAC7-B0679A432BE2}.Debug|Mixed Platforms.Build.0 = Debug|Any CPU
		{DB3FE453-4FEA-43EC-BAC7-B0679A432BE2}.Debug|x86.ActiveCfg = Debug|Any CPU
		{DB3FE453-4FEA-43EC-BAC7-B0679A432BE2}.Release|Any CPU.ActiveCfg = Release|Any CPU
		{DB3FE453-4FEA-43EC-BAC7-B0679A432BE2}.Release|Any CPU.Build.0 = Release|Any CPU
		{DB3FE453-4FEA-43EC-BAC7-B0679A432BE2}.Release|Mixed Platforms.ActiveCfg = Release|Any CPU
		{DB3FE453-4FEA-43EC-BAC7-B0679A432BE2}.Release|Mixed Platforms.Build.0 = Release|Any CPU
		{DB3FE453-4FEA-43EC-BAC7-B0679A432BE2}.Release|x86.ActiveCfg = Release|Any CPU
		{4C4FA9E2-8D8F-4460-AF77-80B7D837AD8C}.Debug|Any CPU.ActiveCfg = Debug|Any CPU
		{4C4FA9E2-8D8F-4460-AF77-80B7D837AD8C}.Debug|Any CPU.Build.0 = Debug|Any CPU
		{4C4FA9E2-8D8F-4460-AF77-80B7D837AD8C}.Debug|Mixed Platforms.ActiveCfg = Debug|Any CPU
		{4C4FA9E2-8D8F-4460-AF77-80B7D837AD8C}.Debug|Mixed Platforms.Build.0 = Debug|Any CPU
		{4C4FA9E2-8D8F-4460-AF77-80B7D837AD8C}.Debug|x86.ActiveCfg = Debug|Any CPU
		{4C4FA9E2-8D8F-4460-AF77-80B7D837AD8C}.Release|Any CPU.ActiveCfg = Release|Any CPU
		{4C4FA9E2-8D8F-4460-AF77-80B7D837AD8C}.Release|Any CPU.Build.0 = Release|Any CPU
		{4C4FA9E2-8D8F-4460-AF77-80B7D837AD8C}.Release|Mixed Platforms.ActiveCfg = Release|Any CPU
		{4C4FA9E2-8D8F-4460-AF77-80B7D837AD8C}.Release|Mixed Platforms.Build.0 = Release|Any CPU
		{4C4FA9E2-8D8F-4460-AF77-80B7D837AD8C}.Release|x86.ActiveCfg = Release|Any CPU
		{76148642-857A-4186-8A7B-C4AFC05E0152}.Debug|Any CPU.ActiveCfg = Debug|Any CPU
		{76148642-857A-4186-8A7B-C4AFC05E0152}.Debug|Any CPU.Build.0 = Debug|Any CPU
		{76148642-857A-4186-8A7B-C4AFC05E0152}.Debug|Mixed Platforms.ActiveCfg = Debug|Any CPU
		{76148642-857A-4186-8A7B-C4AFC05E0152}.Debug|Mixed Platforms.Build.0 = Debug|Any CPU
		{76148642-857A-4186-8A7B-C4AFC05E0152}.Debug|x86.ActiveCfg = Debug|Any CPU
		{76148642-857A-4186-8A7B-C4AFC05E0152}.Release|Any CPU.ActiveCfg = Release|Any CPU
		{76148642-857A-4186-8A7B-C4AFC05E0152}.Release|Any CPU.Build.0 = Release|Any CPU
		{76148642-857A-4186-8A7B-C4AFC05E0152}.Release|Mixed Platforms.ActiveCfg = Release|Any CPU
		{76148642-857A-4186-8A7B-C4AFC05E0152}.Release|Mixed Platforms.Build.0 = Release|Any CPU
		{76148642-857A-4186-8A7B-C4AFC05E0152}.Release|x86.ActiveCfg = Release|Any CPU
		{23C6439B-83BC-41DB-B97E-F698DB52CEF5}.Debug|Any CPU.ActiveCfg = Debug|Any CPU
		{23C6439B-83BC-41DB-B97E-F698DB52CEF5}.Debug|Any CPU.Build.0 = Debug|Any CPU
		{23C6439B-83BC-41DB-B97E-F698DB52CEF5}.Debug|Mixed Platforms.ActiveCfg = Debug|Any CPU
		{23C6439B-83BC-41DB-B97E-F698DB52CEF5}.Debug|Mixed Platforms.Build.0 = Debug|Any CPU
		{23C6439B-83BC-41DB-B97E-F698DB52CEF5}.Debug|x86.ActiveCfg = Debug|Any CPU
		{23C6439B-83BC-41DB-B97E-F698DB52CEF5}.Release|Any CPU.ActiveCfg = Release|Any CPU
		{23C6439B-83BC-41DB-B97E-F698DB52CEF5}.Release|Any CPU.Build.0 = Release|Any CPU
		{23C6439B-83BC-41DB-B97E-F698DB52CEF5}.Release|Mixed Platforms.ActiveCfg = Release|Any CPU
		{23C6439B-83BC-41DB-B97E-F698DB52CEF5}.Release|Mixed Platforms.Build.0 = Release|Any CPU
		{23C6439B-83BC-41DB-B97E-F698DB52CEF5}.Release|x86.ActiveCfg = Release|Any CPU
		{7579F04C-9F75-4770-8114-A6EC6A7E1462}.Debug|Any CPU.ActiveCfg = Debug|Any CPU
		{7579F04C-9F75-4770-8114-A6EC6A7E1462}.Debug|Any CPU.Build.0 = Debug|Any CPU
		{7579F04C-9F75-4770-8114-A6EC6A7E1462}.Debug|Mixed Platforms.ActiveCfg = Debug|Any CPU
		{7579F04C-9F75-4770-8114-A6EC6A7E1462}.Debug|Mixed Platforms.Build.0 = Debug|Any CPU
		{7579F04C-9F75-4770-8114-A6EC6A7E1462}.Debug|x86.ActiveCfg = Debug|Any CPU
		{7579F04C-9F75-4770-8114-A6EC6A7E1462}.Release|Any CPU.ActiveCfg = Release|Any CPU
		{7579F04C-9F75-4770-8114-A6EC6A7E1462}.Release|Any CPU.Build.0 = Release|Any CPU
		{7579F04C-9F75-4770-8114-A6EC6A7E1462}.Release|Mixed Platforms.ActiveCfg = Release|Any CPU
		{7579F04C-9F75-4770-8114-A6EC6A7E1462}.Release|Mixed Platforms.Build.0 = Release|Any CPU
		{7579F04C-9F75-4770-8114-A6EC6A7E1462}.Release|x86.ActiveCfg = Release|Any CPU
		{A1C3A418-F89E-41A3-9D32-E05C7E38577F}.Debug|Any CPU.ActiveCfg = Debug|Any CPU
		{A1C3A418-F89E-41A3-9D32-E05C7E38577F}.Debug|Any CPU.Build.0 = Debug|Any CPU
		{A1C3A418-F89E-41A3-9D32-E05C7E38577F}.Debug|Mixed Platforms.ActiveCfg = Debug|Any CPU
		{A1C3A418-F89E-41A3-9D32-E05C7E38577F}.Debug|Mixed Platforms.Build.0 = Debug|Any CPU
		{A1C3A418-F89E-41A3-9D32-E05C7E38577F}.Debug|x86.ActiveCfg = Debug|Any CPU
		{A1C3A418-F89E-41A3-9D32-E05C7E38577F}.Release|Any CPU.ActiveCfg = Release|Any CPU
		{A1C3A418-F89E-41A3-9D32-E05C7E38577F}.Release|Any CPU.Build.0 = Release|Any CPU
		{A1C3A418-F89E-41A3-9D32-E05C7E38577F}.Release|Mixed Platforms.ActiveCfg = Release|Any CPU
		{A1C3A418-F89E-41A3-9D32-E05C7E38577F}.Release|Mixed Platforms.Build.0 = Release|Any CPU
		{A1C3A418-F89E-41A3-9D32-E05C7E38577F}.Release|x86.ActiveCfg = Release|Any CPU
	EndGlobalSection
	GlobalSection(SolutionProperties) = preSolution
		HideSolutionNode = FALSE
	EndGlobalSection
EndGlobal
