
Microsoft Visual Studio Solution File, Format Version 11.00
# Visual Studio 2010
Project("{2150E333-8FDC-42A3-9474-1A3956D46DE8}") = "Solution Items", "Solution Items", "{6F981F9D-1E8A-4342-B1A5-CE121FA6969B}"
	ProjectSection(SolutionItems) = preProject
		GenForm2.vsmdi = GenForm2.vsmdi
		LocalTestRun.testrunconfig = LocalTestRun.testrunconfig
		..\..\Users\hal\Dropbox\README.md = ..\..\Users\hal\Dropbox\README.md
	EndProjectSection
EndProject
Project("{FAE04EC0-301F-11D3-BF4B-00C04F79EFBC}") = "Informedica.GenForm.Library", "Informedica.GenForm.Library\Informedica.GenForm.Library.csproj", "{584C03D3-A148-4125-B9DB-32B8B144E101}"
EndProject
Project("{FAE04EC0-301F-11D3-BF4B-00C04F79EFBC}") = "Informedica.GenForm.Database", "Informedica.GenForm.Database\Informedica.GenForm.Database.csproj", "{46C54F92-FF84-4F84-A6E0-CD141EAFBE60}"
EndProject
Project("{FAE04EC0-301F-11D3-BF4B-00C04F79EFBC}") = "Informedica.GenForm.Presentation", "Informedica.GenForm.Presentation\Informedica.GenForm.Presentation.csproj", "{63800128-7BE0-4B57-A789-27CB9E5EED3B}"
EndProject
Project("{FAE04EC0-301F-11D3-BF4B-00C04F79EFBC}") = "Informedica.GenForm.Presentation.Tests", "Informedica.GenForm.Presentation.Tests\Informedica.GenForm.Presentation.Tests.csproj", "{C74AA5B9-0FC7-4933-8069-E6960DC323FA}"
EndProject
Project("{FAE04EC0-301F-11D3-BF4B-00C04F79EFBC}") = "Informedica.GenForm.Tests", "Informedica.GenForm.Tests\Informedica.GenForm.Tests.csproj", "{819BA760-6C94-4203-8DB0-7F0AAA4B2159}"
EndProject
Project("{FAE04EC0-301F-11D3-BF4B-00C04F79EFBC}") = "Informedica.GenForm.Library.Tests", "Informedica.GenForm.Library.Tests\Informedica.GenForm.Library.Tests.csproj", "{4B54E8E1-2205-4C86-81B8-70B3695CEA7E}"
EndProject
Project("{FAE04EC0-301F-11D3-BF4B-00C04F79EFBC}") = "Informedica.GenForm.DataAccess", "Informedica.GenForm.DataAccess\Informedica.GenForm.DataAccess.csproj", "{9EC2E9E4-CEEF-4A78-A8DE-EB12F8C6DAE1}"
EndProject
Project("{FAE04EC0-301F-11D3-BF4B-00C04F79EFBC}") = "Informedica.GenForm.Assembler", "Informedica.GenForm.Assembler\Informedica.GenForm.Assembler.csproj", "{DB3FE453-4FEA-43EC-BAC7-B0679A432BE2}"
EndProject
Project("{FAE04EC0-301F-11D3-BF4B-00C04F79EFBC}") = "Informedica.GenForm.DataAccess.Tests", "Informedica.GenForm.DataAccess.Tests\Informedica.GenForm.DataAccess.Tests.csproj", "{4C4FA9E2-8D8F-4460-AF77-80B7D837AD8C}"
EndProject
Project("{FAE04EC0-301F-11D3-BF4B-00C04F79EFBC}") = "Informedica.GenForm.Mvc3", "Informedica.GenForm.Mvc3\Informedica.GenForm.Mvc3.csproj", "{76148642-857A-4186-8A7B-C4AFC05E0152}"
EndProject
Project("{FAE04EC0-301F-11D3-BF4B-00C04F79EFBC}") = "Informedica.GenForm.Assembler.Tests", "Informedica.GenForm.Assembler.Tests\Informedica.GenForm.Assembler.Tests.csproj", "{7579F04C-9F75-4770-8114-A6EC6A7E1462}"
EndProject
Project("{FAE04EC0-301F-11D3-BF4B-00C04F79EFBC}") = "Informedica.Utilities", "Informedica.Utilities\Informedica.Utilities.csproj", "{A1C3A418-F89E-41A3-9D32-E05C7E38577F}"
EndProject
Project("{FAE04EC0-301F-11D3-BF4B-00C04F79EFBC}") = "Informedica.GenForm.Mvc3.Tests", "Informedica.GenForm.Mvc3.Tests\Informedica.GenForm.Mvc3.Tests.csproj", "{7A87B746-06AA-4DBF-918D-1371C27AF744}"
EndProject
Project("{FAE04EC0-301F-11D3-BF4B-00C04F79EFBC}") = "Informedica.NHibernate.Tests", "Informedica.NHibernate.Tests\Informedica.NHibernate.Tests.csproj", "{E37173C3-E5BC-4689-B998-1227014865BE}"
EndProject
Project("{FAE04EC0-301F-11D3-BF4B-00C04F79EFBC}") = "Informedica.GenForm.TestFixtures", "Informedica.GenForm.TestFixtures\Informedica.GenForm.TestFixtures.csproj", "{F772CA62-5400-45BF-B586-AACF5F20D6BC}"
EndProject
Project("{FAE04EC0-301F-11D3-BF4B-00C04F79EFBC}") = "Informedica.GenForm.Acceptance", "Informedica.GenForm.Acceptance\Informedica.GenForm.Acceptance.csproj", "{89E1888D-7CFF-404A-B76A-1EF33FD97DE7}"
EndProject
Project("{FAE04EC0-301F-11D3-BF4B-00C04F79EFBC}") = "Informedica.GenForm.Settings", "Informedica.GenForm.Settings\Informedica.GenForm.Settings.csproj", "{B30C5371-DDDD-46BE-827A-72798E743B60}"
EndProject
Project("{FAE04EC0-301F-11D3-BF4B-00C04F79EFBC}") = "Informedica.GenForm.Settings.Tests", "Informedica.GenForm.Settings.Tests\Informedica.GenForm.Settings.Tests.csproj", "{5097D0D6-F5B2-4AC2-BC06-6A68F6BD4CC4}"
EndProject
Project("{2150E333-8FDC-42A3-9474-1A3956D46DE8}") = "Architecture", "Architecture", "{55569BEA-5C4C-41FC-AED2-DBFC5557C150}"
EndProject
Project("{FAE04EC0-301F-11D3-BF4B-00C04F79EFBC}") = "Informedica.EntityRepository", "..\EntityRepository\Informedica.EntityRepository\Informedica.EntityRepository.csproj", "{E3780309-03FF-43DC-A134-828269F2008C}"
EndProject
Project("{FAE04EC0-301F-11D3-BF4B-00C04F79EFBC}") = "Informedica.DataAccess", "..\DataAccess\Informedica.DataAccess\Informedica.DataAccess.csproj", "{A7844906-1F6F-4AD9-BA9A-D70E501CDC98}"
EndProject
Project("{FAE04EC0-301F-11D3-BF4B-00C04F79EFBC}") = "Informedica.SecureSettings", "..\SecureSettings\Informedica.SecureSettings\Informedica.SecureSettings.csproj", "{B426CCA3-460C-44B8-BEF0-C2D8E7263C3E}"
EndProject
Project("{FAE04EC0-301F-11D3-BF4B-00C04F79EFBC}") = "Informedica.GenForm.Services", "Informedica.GenForm.Services\Informedica.GenForm.Services.csproj", "{7C647ECA-EB02-4779-A829-A73122341338}"
EndProject
Project("{FAE04EC0-301F-11D3-BF4B-00C04F79EFBC}") = "Informedica.GenForm.Services.Tests", "Informedica.GenForm.Services.Tests\Informedica.GenForm.Services.Tests.csproj", "{BD7792E8-47D2-435D-8F64-82BD80B630DB}"
EndProject
Project("{FAE04EC0-301F-11D3-BF4B-00C04F79EFBC}") = "Informedica.GenForm.Library.DomainModel.Interfaces", "Informedica.GenForm.Library.DomainModel.Interfaces\Informedica.GenForm.Library.DomainModel.Interfaces.csproj", "{ECB17AF3-B61D-48BB-97A2-7D4027C2E6DE}"
EndProject
Project("{F088123C-0E9E-452A-89E6-6BA2F21D5CAC}") = "Informedica.GenForm.Model", "Informedica.GenForm.Model\Informedica.GenForm.Model.modelproj", "{C2461056-B0A1-4C36-A2A5-190D5CE60933}"
EndProject
Global
	GlobalSection(TestCaseManagementSettings) = postSolution
		CategoryFile = GenForm2.vsmdi
	EndGlobalSection
	GlobalSection(SolutionConfigurationPlatforms) = preSolution
		Debug|Any CPU = Debug|Any CPU
		Debug|Mixed Platforms = Debug|Mixed Platforms
		Debug|x86 = Debug|x86
		Release|Any CPU = Release|Any CPU
		Release|Mixed Platforms = Release|Mixed Platforms
		Release|x86 = Release|x86
	EndGlobalSection
	GlobalSection(ProjectConfigurationPlatforms) = postSolution
		{584C03D3-A148-4125-B9DB-32B8B144E101}.Debug|Any CPU.ActiveCfg = Debug|Any CPU
		{584C03D3-A148-4125-B9DB-32B8B144E101}.Debug|Any CPU.Build.0 = Debug|Any CPU
		{584C03D3-A148-4125-B9DB-32B8B144E101}.Debug|Mixed Platforms.ActiveCfg = Debug|Any CPU
		{584C03D3-A148-4125-B9DB-32B8B144E101}.Debug|Mixed Platforms.Build.0 = Debug|Any CPU
		{584C03D3-A148-4125-B9DB-32B8B144E101}.Debug|x86.ActiveCfg = Debug|Any CPU
		{584C03D3-A148-4125-B9DB-32B8B144E101}.Release|Any CPU.ActiveCfg = Release|Any CPU
		{584C03D3-A148-4125-B9DB-32B8B144E101}.Release|Any CPU.Build.0 = Release|Any CPU
		{584C03D3-A148-4125-B9DB-32B8B144E101}.Release|Mixed Platforms.ActiveCfg = Release|Any CPU
		{584C03D3-A148-4125-B9DB-32B8B144E101}.Release|Mixed Platforms.Build.0 = Release|Any CPU
		{584C03D3-A148-4125-B9DB-32B8B144E101}.Release|x86.ActiveCfg = Release|Any CPU
		{46C54F92-FF84-4F84-A6E0-CD141EAFBE60}.Debug|Any CPU.ActiveCfg = Debug|Any CPU
		{46C54F92-FF84-4F84-A6E0-CD141EAFBE60}.Debug|Any CPU.Build.0 = Debug|Any CPU
		{46C54F92-FF84-4F84-A6E0-CD141EAFBE60}.Debug|Mixed Platforms.ActiveCfg = Debug|Any CPU
		{46C54F92-FF84-4F84-A6E0-CD141EAFBE60}.Debug|Mixed Platforms.Build.0 = Debug|Any CPU
		{46C54F92-FF84-4F84-A6E0-CD141EAFBE60}.Debug|x86.ActiveCfg = Debug|Any CPU
		{46C54F92-FF84-4F84-A6E0-CD141EAFBE60}.Release|Any CPU.ActiveCfg = Release|Any CPU
		{46C54F92-FF84-4F84-A6E0-CD141EAFBE60}.Release|Any CPU.Build.0 = Release|Any CPU
		{46C54F92-FF84-4F84-A6E0-CD141EAFBE60}.Release|Mixed Platforms.ActiveCfg = Release|Any CPU
		{46C54F92-FF84-4F84-A6E0-CD141EAFBE60}.Release|Mixed Platforms.Build.0 = Release|Any CPU
		{46C54F92-FF84-4F84-A6E0-CD141EAFBE60}.Release|x86.ActiveCfg = Release|Any CPU
		{63800128-7BE0-4B57-A789-27CB9E5EED3B}.Debug|Any CPU.ActiveCfg = Debug|Any CPU
		{63800128-7BE0-4B57-A789-27CB9E5EED3B}.Debug|Any CPU.Build.0 = Debug|Any CPU
		{63800128-7BE0-4B57-A789-27CB9E5EED3B}.Debug|Mixed Platforms.ActiveCfg = Debug|Any CPU
		{63800128-7BE0-4B57-A789-27CB9E5EED3B}.Debug|Mixed Platforms.Build.0 = Debug|Any CPU
		{63800128-7BE0-4B57-A789-27CB9E5EED3B}.Debug|x86.ActiveCfg = Debug|Any CPU
		{63800128-7BE0-4B57-A789-27CB9E5EED3B}.Release|Any CPU.ActiveCfg = Release|Any CPU
		{63800128-7BE0-4B57-A789-27CB9E5EED3B}.Release|Any CPU.Build.0 = Release|Any CPU
		{63800128-7BE0-4B57-A789-27CB9E5EED3B}.Release|Mixed Platforms.ActiveCfg = Release|Any CPU
		{63800128-7BE0-4B57-A789-27CB9E5EED3B}.Release|Mixed Platforms.Build.0 = Release|Any CPU
		{63800128-7BE0-4B57-A789-27CB9E5EED3B}.Release|x86.ActiveCfg = Release|Any CPU
		{C74AA5B9-0FC7-4933-8069-E6960DC323FA}.Debug|Any CPU.ActiveCfg = Debug|Any CPU
		{C74AA5B9-0FC7-4933-8069-E6960DC323FA}.Debug|Any CPU.Build.0 = Debug|Any CPU
		{C74AA5B9-0FC7-4933-8069-E6960DC323FA}.Debug|Mixed Platforms.ActiveCfg = Debug|Any CPU
		{C74AA5B9-0FC7-4933-8069-E6960DC323FA}.Debug|Mixed Platforms.Build.0 = Debug|Any CPU
		{C74AA5B9-0FC7-4933-8069-E6960DC323FA}.Debug|x86.ActiveCfg = Debug|Any CPU
		{C74AA5B9-0FC7-4933-8069-E6960DC323FA}.Release|Any CPU.ActiveCfg = Release|Any CPU
		{C74AA5B9-0FC7-4933-8069-E6960DC323FA}.Release|Any CPU.Build.0 = Release|Any CPU
		{C74AA5B9-0FC7-4933-8069-E6960DC323FA}.Release|Mixed Platforms.ActiveCfg = Release|Any CPU
		{C74AA5B9-0FC7-4933-8069-E6960DC323FA}.Release|Mixed Platforms.Build.0 = Release|Any CPU
		{C74AA5B9-0FC7-4933-8069-E6960DC323FA}.Release|x86.ActiveCfg = Release|Any CPU
		{819BA760-6C94-4203-8DB0-7F0AAA4B2159}.Debug|Any CPU.ActiveCfg = Debug|Any CPU
		{819BA760-6C94-4203-8DB0-7F0AAA4B2159}.Debug|Any CPU.Build.0 = Debug|Any CPU
		{819BA760-6C94-4203-8DB0-7F0AAA4B2159}.Debug|Mixed Platforms.ActiveCfg = Debug|Any CPU
		{819BA760-6C94-4203-8DB0-7F0AAA4B2159}.Debug|Mixed Platforms.Build.0 = Debug|Any CPU
		{819BA760-6C94-4203-8DB0-7F0AAA4B2159}.Debug|x86.ActiveCfg = Debug|Any CPU
		{819BA760-6C94-4203-8DB0-7F0AAA4B2159}.Release|Any CPU.ActiveCfg = Release|Any CPU
		{819BA760-6C94-4203-8DB0-7F0AAA4B2159}.Release|Any CPU.Build.0 = Release|Any CPU
		{819BA760-6C94-4203-8DB0-7F0AAA4B2159}.Release|Mixed Platforms.ActiveCfg = Release|Any CPU
		{819BA760-6C94-4203-8DB0-7F0AAA4B2159}.Release|Mixed Platforms.Build.0 = Release|Any CPU
		{819BA760-6C94-4203-8DB0-7F0AAA4B2159}.Release|x86.ActiveCfg = Release|Any CPU
		{4B54E8E1-2205-4C86-81B8-70B3695CEA7E}.Debug|Any CPU.ActiveCfg = Debug|Any CPU
		{4B54E8E1-2205-4C86-81B8-70B3695CEA7E}.Debug|Any CPU.Build.0 = Debug|Any CPU
		{4B54E8E1-2205-4C86-81B8-70B3695CEA7E}.Debug|Mixed Platforms.ActiveCfg = Debug|Any CPU
		{4B54E8E1-2205-4C86-81B8-70B3695CEA7E}.Debug|Mixed Platforms.Build.0 = Debug|Any CPU
		{4B54E8E1-2205-4C86-81B8-70B3695CEA7E}.Debug|x86.ActiveCfg = Debug|Any CPU
		{4B54E8E1-2205-4C86-81B8-70B3695CEA7E}.Release|Any CPU.ActiveCfg = Release|Any CPU
		{4B54E8E1-2205-4C86-81B8-70B3695CEA7E}.Release|Any CPU.Build.0 = Release|Any CPU
		{4B54E8E1-2205-4C86-81B8-70B3695CEA7E}.Release|Mixed Platforms.ActiveCfg = Release|Any CPU
		{4B54E8E1-2205-4C86-81B8-70B3695CEA7E}.Release|Mixed Platforms.Build.0 = Release|Any CPU
		{4B54E8E1-2205-4C86-81B8-70B3695CEA7E}.Release|x86.ActiveCfg = Release|Any CPU
		{9EC2E9E4-CEEF-4A78-A8DE-EB12F8C6DAE1}.Debug|Any CPU.ActiveCfg = Debug|Any CPU
		{9EC2E9E4-CEEF-4A78-A8DE-EB12F8C6DAE1}.Debug|Any CPU.Build.0 = Debug|Any CPU
		{9EC2E9E4-CEEF-4A78-A8DE-EB12F8C6DAE1}.Debug|Mixed Platforms.ActiveCfg = Debug|Any CPU
		{9EC2E9E4-CEEF-4A78-A8DE-EB12F8C6DAE1}.Debug|Mixed Platforms.Build.0 = Debug|Any CPU
		{9EC2E9E4-CEEF-4A78-A8DE-EB12F8C6DAE1}.Debug|x86.ActiveCfg = Debug|Any CPU
		{9EC2E9E4-CEEF-4A78-A8DE-EB12F8C6DAE1}.Release|Any CPU.ActiveCfg = Release|Any CPU
		{9EC2E9E4-CEEF-4A78-A8DE-EB12F8C6DAE1}.Release|Any CPU.Build.0 = Release|Any CPU
		{9EC2E9E4-CEEF-4A78-A8DE-EB12F8C6DAE1}.Release|Mixed Platforms.ActiveCfg = Release|Any CPU
		{9EC2E9E4-CEEF-4A78-A8DE-EB12F8C6DAE1}.Release|Mixed Platforms.Build.0 = Release|Any CPU
		{9EC2E9E4-CEEF-4A78-A8DE-EB12F8C6DAE1}.Release|x86.ActiveCfg = Release|Any CPU
		{DB3FE453-4FEA-43EC-BAC7-B0679A432BE2}.Debug|Any CPU.ActiveCfg = Debug|Any CPU
		{DB3FE453-4FEA-43EC-BAC7-B0679A432BE2}.Debug|Any CPU.Build.0 = Debug|Any CPU
		{DB3FE453-4FEA-43EC-BAC7-B0679A432BE2}.Debug|Mixed Platforms.ActiveCfg = Debug|Any CPU
		{DB3FE453-4FEA-43EC-BAC7-B0679A432BE2}.Debug|Mixed Platforms.Build.0 = Debug|Any CPU
		{DB3FE453-4FEA-43EC-BAC7-B0679A432BE2}.Debug|x86.ActiveCfg = Debug|Any CPU
		{DB3FE453-4FEA-43EC-BAC7-B0679A432BE2}.Release|Any CPU.ActiveCfg = Release|Any CPU
		{DB3FE453-4FEA-43EC-BAC7-B0679A432BE2}.Release|Any CPU.Build.0 = Release|Any CPU
		{DB3FE453-4FEA-43EC-BAC7-B0679A432BE2}.Release|Mixed Platforms.ActiveCfg = Release|Any CPU
		{DB3FE453-4FEA-43EC-BAC7-B0679A432BE2}.Release|Mixed Platforms.Build.0 = Release|Any CPU
		{DB3FE453-4FEA-43EC-BAC7-B0679A432BE2}.Release|x86.ActiveCfg = Release|Any CPU
		{4C4FA9E2-8D8F-4460-AF77-80B7D837AD8C}.Debug|Any CPU.ActiveCfg = Debug|Any CPU
		{4C4FA9E2-8D8F-4460-AF77-80B7D837AD8C}.Debug|Any CPU.Build.0 = Debug|Any CPU
		{4C4FA9E2-8D8F-4460-AF77-80B7D837AD8C}.Debug|Mixed Platforms.ActiveCfg = Debug|Any CPU
		{4C4FA9E2-8D8F-4460-AF77-80B7D837AD8C}.Debug|Mixed Platforms.Build.0 = Debug|Any CPU
		{4C4FA9E2-8D8F-4460-AF77-80B7D837AD8C}.Debug|x86.ActiveCfg = Debug|Any CPU
		{4C4FA9E2-8D8F-4460-AF77-80B7D837AD8C}.Release|Any CPU.ActiveCfg = Release|Any CPU
		{4C4FA9E2-8D8F-4460-AF77-80B7D837AD8C}.Release|Any CPU.Build.0 = Release|Any CPU
		{4C4FA9E2-8D8F-4460-AF77-80B7D837AD8C}.Release|Mixed Platforms.ActiveCfg = Release|Any CPU
		{4C4FA9E2-8D8F-4460-AF77-80B7D837AD8C}.Release|Mixed Platforms.Build.0 = Release|Any CPU
		{4C4FA9E2-8D8F-4460-AF77-80B7D837AD8C}.Release|x86.ActiveCfg = Release|Any CPU
		{76148642-857A-4186-8A7B-C4AFC05E0152}.Debug|Any CPU.ActiveCfg = Debug|Any CPU
		{76148642-857A-4186-8A7B-C4AFC05E0152}.Debug|Any CPU.Build.0 = Debug|Any CPU
		{76148642-857A-4186-8A7B-C4AFC05E0152}.Debug|Mixed Platforms.ActiveCfg = Debug|Any CPU
		{76148642-857A-4186-8A7B-C4AFC05E0152}.Debug|Mixed Platforms.Build.0 = Debug|Any CPU
		{76148642-857A-4186-8A7B-C4AFC05E0152}.Debug|x86.ActiveCfg = Debug|Any CPU
		{76148642-857A-4186-8A7B-C4AFC05E0152}.Release|Any CPU.ActiveCfg = Release|Any CPU
		{76148642-857A-4186-8A7B-C4AFC05E0152}.Release|Any CPU.Build.0 = Release|Any CPU
		{76148642-857A-4186-8A7B-C4AFC05E0152}.Release|Mixed Platforms.ActiveCfg = Release|Any CPU
		{76148642-857A-4186-8A7B-C4AFC05E0152}.Release|Mixed Platforms.Build.0 = Release|Any CPU
		{76148642-857A-4186-8A7B-C4AFC05E0152}.Release|x86.ActiveCfg = Release|Any CPU
		{7579F04C-9F75-4770-8114-A6EC6A7E1462}.Debug|Any CPU.ActiveCfg = Debug|Any CPU
		{7579F04C-9F75-4770-8114-A6EC6A7E1462}.Debug|Any CPU.Build.0 = Debug|Any CPU
		{7579F04C-9F75-4770-8114-A6EC6A7E1462}.Debug|Mixed Platforms.ActiveCfg = Debug|Any CPU
		{7579F04C-9F75-4770-8114-A6EC6A7E1462}.Debug|Mixed Platforms.Build.0 = Debug|Any CPU
		{7579F04C-9F75-4770-8114-A6EC6A7E1462}.Debug|x86.ActiveCfg = Debug|Any CPU
		{7579F04C-9F75-4770-8114-A6EC6A7E1462}.Release|Any CPU.ActiveCfg = Release|Any CPU
		{7579F04C-9F75-4770-8114-A6EC6A7E1462}.Release|Any CPU.Build.0 = Release|Any CPU
		{7579F04C-9F75-4770-8114-A6EC6A7E1462}.Release|Mixed Platforms.ActiveCfg = Release|Any CPU
		{7579F04C-9F75-4770-8114-A6EC6A7E1462}.Release|Mixed Platforms.Build.0 = Release|Any CPU
		{7579F04C-9F75-4770-8114-A6EC6A7E1462}.Release|x86.ActiveCfg = Release|Any CPU
		{A1C3A418-F89E-41A3-9D32-E05C7E38577F}.Debug|Any CPU.ActiveCfg = Debug|Any CPU
		{A1C3A418-F89E-41A3-9D32-E05C7E38577F}.Debug|Any CPU.Build.0 = Debug|Any CPU
		{A1C3A418-F89E-41A3-9D32-E05C7E38577F}.Debug|Mixed Platforms.ActiveCfg = Debug|Any CPU
		{A1C3A418-F89E-41A3-9D32-E05C7E38577F}.Debug|Mixed Platforms.Build.0 = Debug|Any CPU
		{A1C3A418-F89E-41A3-9D32-E05C7E38577F}.Debug|x86.ActiveCfg = Debug|Any CPU
		{A1C3A418-F89E-41A3-9D32-E05C7E38577F}.Release|Any CPU.ActiveCfg = Release|Any CPU
		{A1C3A418-F89E-41A3-9D32-E05C7E38577F}.Release|Any CPU.Build.0 = Release|Any CPU
		{A1C3A418-F89E-41A3-9D32-E05C7E38577F}.Release|Mixed Platforms.ActiveCfg = Release|Any CPU
		{A1C3A418-F89E-41A3-9D32-E05C7E38577F}.Release|Mixed Platforms.Build.0 = Release|Any CPU
		{A1C3A418-F89E-41A3-9D32-E05C7E38577F}.Release|x86.ActiveCfg = Release|Any CPU
		{7A87B746-06AA-4DBF-918D-1371C27AF744}.Debug|Any CPU.ActiveCfg = Debug|Any CPU
		{7A87B746-06AA-4DBF-918D-1371C27AF744}.Debug|Any CPU.Build.0 = Debug|Any CPU
		{7A87B746-06AA-4DBF-918D-1371C27AF744}.Debug|Mixed Platforms.ActiveCfg = Debug|Any CPU
		{7A87B746-06AA-4DBF-918D-1371C27AF744}.Debug|Mixed Platforms.Build.0 = Debug|Any CPU
		{7A87B746-06AA-4DBF-918D-1371C27AF744}.Debug|x86.ActiveCfg = Debug|Any CPU
		{7A87B746-06AA-4DBF-918D-1371C27AF744}.Release|Any CPU.ActiveCfg = Release|Any CPU
		{7A87B746-06AA-4DBF-918D-1371C27AF744}.Release|Any CPU.Build.0 = Release|Any CPU
		{7A87B746-06AA-4DBF-918D-1371C27AF744}.Release|Mixed Platforms.ActiveCfg = Release|Any CPU
		{7A87B746-06AA-4DBF-918D-1371C27AF744}.Release|Mixed Platforms.Build.0 = Release|Any CPU
		{7A87B746-06AA-4DBF-918D-1371C27AF744}.Release|x86.ActiveCfg = Release|Any CPU
		{E37173C3-E5BC-4689-B998-1227014865BE}.Debug|Any CPU.ActiveCfg = Debug|Any CPU
		{E37173C3-E5BC-4689-B998-1227014865BE}.Debug|Any CPU.Build.0 = Debug|Any CPU
		{E37173C3-E5BC-4689-B998-1227014865BE}.Debug|Mixed Platforms.ActiveCfg = Debug|Any CPU
		{E37173C3-E5BC-4689-B998-1227014865BE}.Debug|Mixed Platforms.Build.0 = Debug|Any CPU
		{E37173C3-E5BC-4689-B998-1227014865BE}.Debug|x86.ActiveCfg = Debug|Any CPU
		{E37173C3-E5BC-4689-B998-1227014865BE}.Release|Any CPU.ActiveCfg = Release|Any CPU
		{E37173C3-E5BC-4689-B998-1227014865BE}.Release|Any CPU.Build.0 = Release|Any CPU
		{E37173C3-E5BC-4689-B998-1227014865BE}.Release|Mixed Platforms.ActiveCfg = Release|Any CPU
		{E37173C3-E5BC-4689-B998-1227014865BE}.Release|Mixed Platforms.Build.0 = Release|Any CPU
		{E37173C3-E5BC-4689-B998-1227014865BE}.Release|x86.ActiveCfg = Release|Any CPU
		{F772CA62-5400-45BF-B586-AACF5F20D6BC}.Debug|Any CPU.ActiveCfg = Debug|Any CPU
		{F772CA62-5400-45BF-B586-AACF5F20D6BC}.Debug|Any CPU.Build.0 = Debug|Any CPU
		{F772CA62-5400-45BF-B586-AACF5F20D6BC}.Debug|Mixed Platforms.ActiveCfg = Debug|Any CPU
		{F772CA62-5400-45BF-B586-AACF5F20D6BC}.Debug|Mixed Platforms.Build.0 = Debug|Any CPU
		{F772CA62-5400-45BF-B586-AACF5F20D6BC}.Debug|x86.ActiveCfg = Debug|Any CPU
		{F772CA62-5400-45BF-B586-AACF5F20D6BC}.Release|Any CPU.ActiveCfg = Release|Any CPU
		{F772CA62-5400-45BF-B586-AACF5F20D6BC}.Release|Any CPU.Build.0 = Release|Any CPU
		{F772CA62-5400-45BF-B586-AACF5F20D6BC}.Release|Mixed Platforms.ActiveCfg = Release|Any CPU
		{F772CA62-5400-45BF-B586-AACF5F20D6BC}.Release|Mixed Platforms.Build.0 = Release|Any CPU
		{F772CA62-5400-45BF-B586-AACF5F20D6BC}.Release|x86.ActiveCfg = Release|Any CPU
		{89E1888D-7CFF-404A-B76A-1EF33FD97DE7}.Debug|Any CPU.ActiveCfg = Debug|Any CPU
		{89E1888D-7CFF-404A-B76A-1EF33FD97DE7}.Debug|Any CPU.Build.0 = Debug|Any CPU
		{89E1888D-7CFF-404A-B76A-1EF33FD97DE7}.Debug|Mixed Platforms.ActiveCfg = Debug|Any CPU
		{89E1888D-7CFF-404A-B76A-1EF33FD97DE7}.Debug|Mixed Platforms.Build.0 = Debug|Any CPU
		{89E1888D-7CFF-404A-B76A-1EF33FD97DE7}.Debug|x86.ActiveCfg = Debug|Any CPU
		{89E1888D-7CFF-404A-B76A-1EF33FD97DE7}.Release|Any CPU.ActiveCfg = Release|Any CPU
		{89E1888D-7CFF-404A-B76A-1EF33FD97DE7}.Release|Any CPU.Build.0 = Release|Any CPU
		{89E1888D-7CFF-404A-B76A-1EF33FD97DE7}.Release|Mixed Platforms.ActiveCfg = Release|Any CPU
		{89E1888D-7CFF-404A-B76A-1EF33FD97DE7}.Release|Mixed Platforms.Build.0 = Release|Any CPU
		{89E1888D-7CFF-404A-B76A-1EF33FD97DE7}.Release|x86.ActiveCfg = Release|Any CPU
		{B30C5371-DDDD-46BE-827A-72798E743B60}.Debug|Any CPU.ActiveCfg = Debug|Any CPU
		{B30C5371-DDDD-46BE-827A-72798E743B60}.Debug|Any CPU.Build.0 = Debug|Any CPU
		{B30C5371-DDDD-46BE-827A-72798E743B60}.Debug|Mixed Platforms.ActiveCfg = Debug|Any CPU
		{B30C5371-DDDD-46BE-827A-72798E743B60}.Debug|Mixed Platforms.Build.0 = Debug|Any CPU
		{B30C5371-DDDD-46BE-827A-72798E743B60}.Debug|x86.ActiveCfg = Debug|Any CPU
		{B30C5371-DDDD-46BE-827A-72798E743B60}.Release|Any CPU.ActiveCfg = Release|Any CPU
		{B30C5371-DDDD-46BE-827A-72798E743B60}.Release|Any CPU.Build.0 = Release|Any CPU
		{B30C5371-DDDD-46BE-827A-72798E743B60}.Release|Mixed Platforms.ActiveCfg = Release|Any CPU
		{B30C5371-DDDD-46BE-827A-72798E743B60}.Release|Mixed Platforms.Build.0 = Release|Any CPU
		{B30C5371-DDDD-46BE-827A-72798E743B60}.Release|x86.ActiveCfg = Release|Any CPU
		{5097D0D6-F5B2-4AC2-BC06-6A68F6BD4CC4}.Debug|Any CPU.ActiveCfg = Debug|Any CPU
		{5097D0D6-F5B2-4AC2-BC06-6A68F6BD4CC4}.Debug|Any CPU.Build.0 = Debug|Any CPU
		{5097D0D6-F5B2-4AC2-BC06-6A68F6BD4CC4}.Debug|Mixed Platforms.ActiveCfg = Debug|Any CPU
		{5097D0D6-F5B2-4AC2-BC06-6A68F6BD4CC4}.Debug|Mixed Platforms.Build.0 = Debug|Any CPU
		{5097D0D6-F5B2-4AC2-BC06-6A68F6BD4CC4}.Debug|x86.ActiveCfg = Debug|Any CPU
		{5097D0D6-F5B2-4AC2-BC06-6A68F6BD4CC4}.Release|Any CPU.ActiveCfg = Release|Any CPU
		{5097D0D6-F5B2-4AC2-BC06-6A68F6BD4CC4}.Release|Any CPU.Build.0 = Release|Any CPU
		{5097D0D6-F5B2-4AC2-BC06-6A68F6BD4CC4}.Release|Mixed Platforms.ActiveCfg = Release|Any CPU
		{5097D0D6-F5B2-4AC2-BC06-6A68F6BD4CC4}.Release|Mixed Platforms.Build.0 = Release|Any CPU
		{5097D0D6-F5B2-4AC2-BC06-6A68F6BD4CC4}.Release|x86.ActiveCfg = Release|Any CPU
		{E3780309-03FF-43DC-A134-828269F2008C}.Debug|Any CPU.ActiveCfg = Debug|Any CPU
		{E3780309-03FF-43DC-A134-828269F2008C}.Debug|Any CPU.Build.0 = Debug|Any CPU
		{E3780309-03FF-43DC-A134-828269F2008C}.Debug|Mixed Platforms.ActiveCfg = Debug|Any CPU
		{E3780309-03FF-43DC-A134-828269F2008C}.Debug|Mixed Platforms.Build.0 = Debug|Any CPU
		{E3780309-03FF-43DC-A134-828269F2008C}.Debug|x86.ActiveCfg = Debug|Any CPU
		{E3780309-03FF-43DC-A134-828269F2008C}.Release|Any CPU.ActiveCfg = Release|Any CPU
		{E3780309-03FF-43DC-A134-828269F2008C}.Release|Any CPU.Build.0 = Release|Any CPU
		{E3780309-03FF-43DC-A134-828269F2008C}.Release|Mixed Platforms.ActiveCfg = Release|Any CPU
		{E3780309-03FF-43DC-A134-828269F2008C}.Release|Mixed Platforms.Build.0 = Release|Any CPU
		{E3780309-03FF-43DC-A134-828269F2008C}.Release|x86.ActiveCfg = Release|Any CPU
		{A7844906-1F6F-4AD9-BA9A-D70E501CDC98}.Debug|Any CPU.ActiveCfg = Debug|Any CPU
		{A7844906-1F6F-4AD9-BA9A-D70E501CDC98}.Debug|Any CPU.Build.0 = Debug|Any CPU
		{A7844906-1F6F-4AD9-BA9A-D70E501CDC98}.Debug|Mixed Platforms.ActiveCfg = Debug|Any CPU
		{A7844906-1F6F-4AD9-BA9A-D70E501CDC98}.Debug|Mixed Platforms.Build.0 = Debug|Any CPU
		{A7844906-1F6F-4AD9-BA9A-D70E501CDC98}.Debug|x86.ActiveCfg = Debug|Any CPU
		{A7844906-1F6F-4AD9-BA9A-D70E501CDC98}.Release|Any CPU.ActiveCfg = Release|Any CPU
		{A7844906-1F6F-4AD9-BA9A-D70E501CDC98}.Release|Any CPU.Build.0 = Release|Any CPU
		{A7844906-1F6F-4AD9-BA9A-D70E501CDC98}.Release|Mixed Platforms.ActiveCfg = Release|Any CPU
		{A7844906-1F6F-4AD9-BA9A-D70E501CDC98}.Release|Mixed Platforms.Build.0 = Release|Any CPU
		{A7844906-1F6F-4AD9-BA9A-D70E501CDC98}.Release|x86.ActiveCfg = Release|Any CPU
		{B426CCA3-460C-44B8-BEF0-C2D8E7263C3E}.Debug|Any CPU.ActiveCfg = Debug|Any CPU
		{B426CCA3-460C-44B8-BEF0-C2D8E7263C3E}.Debug|Any CPU.Build.0 = Debug|Any CPU
		{B426CCA3-460C-44B8-BEF0-C2D8E7263C3E}.Debug|Mixed Platforms.ActiveCfg = Debug|Any CPU
		{B426CCA3-460C-44B8-BEF0-C2D8E7263C3E}.Debug|Mixed Platforms.Build.0 = Debug|Any CPU
		{B426CCA3-460C-44B8-BEF0-C2D8E7263C3E}.Debug|x86.ActiveCfg = Debug|Any CPU
		{B426CCA3-460C-44B8-BEF0-C2D8E7263C3E}.Release|Any CPU.ActiveCfg = Release|Any CPU
		{B426CCA3-460C-44B8-BEF0-C2D8E7263C3E}.Release|Any CPU.Build.0 = Release|Any CPU
		{B426CCA3-460C-44B8-BEF0-C2D8E7263C3E}.Release|Mixed Platforms.ActiveCfg = Release|Any CPU
		{B426CCA3-460C-44B8-BEF0-C2D8E7263C3E}.Release|Mixed Platforms.Build.0 = Release|Any CPU
		{B426CCA3-460C-44B8-BEF0-C2D8E7263C3E}.Release|x86.ActiveCfg = Release|Any CPU
		{7C647ECA-EB02-4779-A829-A73122341338}.Debug|Any CPU.ActiveCfg = Debug|Any CPU
		{7C647ECA-EB02-4779-A829-A73122341338}.Debug|Any CPU.Build.0 = Debug|Any CPU
		{7C647ECA-EB02-4779-A829-A73122341338}.Debug|Mixed Platforms.ActiveCfg = Debug|Any CPU
		{7C647ECA-EB02-4779-A829-A73122341338}.Debug|Mixed Platforms.Build.0 = Debug|Any CPU
		{7C647ECA-EB02-4779-A829-A73122341338}.Debug|x86.ActiveCfg = Debug|Any CPU
		{7C647ECA-EB02-4779-A829-A73122341338}.Release|Any CPU.ActiveCfg = Release|Any CPU
		{7C647ECA-EB02-4779-A829-A73122341338}.Release|Any CPU.Build.0 = Release|Any CPU
		{7C647ECA-EB02-4779-A829-A73122341338}.Release|Mixed Platforms.ActiveCfg = Release|Any CPU
		{7C647ECA-EB02-4779-A829-A73122341338}.Release|Mixed Platforms.Build.0 = Release|Any CPU
		{7C647ECA-EB02-4779-A829-A73122341338}.Release|x86.ActiveCfg = Release|Any CPU
		{BD7792E8-47D2-435D-8F64-82BD80B630DB}.Debug|Any CPU.ActiveCfg = Debug|Any CPU
		{BD7792E8-47D2-435D-8F64-82BD80B630DB}.Debug|Any CPU.Build.0 = Debug|Any CPU
		{BD7792E8-47D2-435D-8F64-82BD80B630DB}.Debug|Mixed Platforms.ActiveCfg = Debug|Any CPU
		{BD7792E8-47D2-435D-8F64-82BD80B630DB}.Debug|Mixed Platforms.Build.0 = Debug|Any CPU
		{BD7792E8-47D2-435D-8F64-82BD80B630DB}.Debug|x86.ActiveCfg = Debug|Any CPU
		{BD7792E8-47D2-435D-8F64-82BD80B630DB}.Release|Any CPU.ActiveCfg = Release|Any CPU
		{BD7792E8-47D2-435D-8F64-82BD80B630DB}.Release|Any CPU.Build.0 = Release|Any CPU
		{BD7792E8-47D2-435D-8F64-82BD80B630DB}.Release|Mixed Platforms.ActiveCfg = Release|Any CPU
		{BD7792E8-47D2-435D-8F64-82BD80B630DB}.Release|Mixed Platforms.Build.0 = Release|Any CPU
		{BD7792E8-47D2-435D-8F64-82BD80B630DB}.Release|x86.ActiveCfg = Release|Any CPU
		{ECB17AF3-B61D-48BB-97A2-7D4027C2E6DE}.Debug|Any CPU.ActiveCfg = Debug|Any CPU
		{ECB17AF3-B61D-48BB-97A2-7D4027C2E6DE}.Debug|Any CPU.Build.0 = Debug|Any CPU
		{ECB17AF3-B61D-48BB-97A2-7D4027C2E6DE}.Debug|Mixed Platforms.ActiveCfg = Debug|Any CPU
		{ECB17AF3-B61D-48BB-97A2-7D4027C2E6DE}.Debug|Mixed Platforms.Build.0 = Debug|Any CPU
		{ECB17AF3-B61D-48BB-97A2-7D4027C2E6DE}.Debug|x86.ActiveCfg = Debug|Any CPU
		{ECB17AF3-B61D-48BB-97A2-7D4027C2E6DE}.Release|Any CPU.ActiveCfg = Release|Any CPU
		{ECB17AF3-B61D-48BB-97A2-7D4027C2E6DE}.Release|Any CPU.Build.0 = Release|Any CPU
		{ECB17AF3-B61D-48BB-97A2-7D4027C2E6DE}.Release|Mixed Platforms.ActiveCfg = Release|Any CPU
		{ECB17AF3-B61D-48BB-97A2-7D4027C2E6DE}.Release|Mixed Platforms.Build.0 = Release|Any CPU
		{ECB17AF3-B61D-48BB-97A2-7D4027C2E6DE}.Release|x86.ActiveCfg = Release|Any CPU
		{C2461056-B0A1-4C36-A2A5-190D5CE60933}.Debug|Any CPU.ActiveCfg = Debug|Any CPU
		{C2461056-B0A1-4C36-A2A5-190D5CE60933}.Debug|Any CPU.Build.0 = Debug|Any CPU
		{C2461056-B0A1-4C36-A2A5-190D5CE60933}.Debug|Mixed Platforms.ActiveCfg = Debug|Any CPU
		{C2461056-B0A1-4C36-A2A5-190D5CE60933}.Debug|Mixed Platforms.Build.0 = Debug|Any CPU
		{C2461056-B0A1-4C36-A2A5-190D5CE60933}.Debug|x86.ActiveCfg = Debug|Any CPU
		{C2461056-B0A1-4C36-A2A5-190D5CE60933}.Release|Any CPU.ActiveCfg = Release|Any CPU
		{C2461056-B0A1-4C36-A2A5-190D5CE60933}.Release|Any CPU.Build.0 = Release|Any CPU
		{C2461056-B0A1-4C36-A2A5-190D5CE60933}.Release|Mixed Platforms.ActiveCfg = Release|Any CPU
		{C2461056-B0A1-4C36-A2A5-190D5CE60933}.Release|Mixed Platforms.Build.0 = Release|Any CPU
		{C2461056-B0A1-4C36-A2A5-190D5CE60933}.Release|x86.ActiveCfg = Release|Any CPU
	EndGlobalSection
	GlobalSection(SolutionProperties) = preSolution
		HideSolutionNode = FALSE
	EndGlobalSection
EndGlobal
